
Microsoft Visual Studio Solution File, Format Version 12.00
# Visual Studio Version 16
VisualStudioVersion = 16.0.30907.101
MinimumVisualStudioVersion = 10.0.40219.1
Project("{FAE04EC0-301F-11D3-BF4B-00C04F79EFBC}") = "BusinessApplication.Web", "BusinessApplication\BusinessApplication.Web.csproj", "{64708152-3B35-4836-AE64-428A1F8007BE}"
EndProject
Project("{FAE04EC0-301F-11D3-BF4B-00C04F79EFBC}") = "BusinessApplication.DAL.Contracts", "BusinessApplication.DAL.Contracts\BusinessApplication.DAL.Contracts.csproj", "{C1651229-A92A-45AE-9CBB-28BA15E44EBE}"
EndProject
Global
	GlobalSection(SolutionConfigurationPlatforms) = preSolution
		Debug|Any CPU = Debug|Any CPU
		Release|Any CPU = Release|Any CPU
	EndGlobalSection
	GlobalSection(ProjectConfigurationPlatforms) = postSolution
		{64708152-3B35-4836-AE64-428A1F8007BE}.Debug|Any CPU.ActiveCfg = Debug|Any CPU
		{64708152-3B35-4836-AE64-428A1F8007BE}.Debug|Any CPU.Build.0 = Debug|Any CPU
		{64708152-3B35-4836-AE64-428A1F8007BE}.Release|Any CPU.ActiveCfg = Release|Any CPU
		{64708152-3B35-4836-AE64-428A1F8007BE}.Release|Any CPU.Build.0 = Release|Any CPU
		{C1651229-A92A-45AE-9CBB-28BA15E44EBE}.Debug|Any CPU.ActiveCfg = Debug|Any CPU
		{C1651229-A92A-45AE-9CBB-28BA15E44EBE}.Debug|Any CPU.Build.0 = Debug|Any CPU
		{C1651229-A92A-45AE-9CBB-28BA15E44EBE}.Release|Any CPU.ActiveCfg = Release|Any CPU
		{C1651229-A92A-45AE-9CBB-28BA15E44EBE}.Release|Any CPU.Build.0 = Release|Any CPU
	EndGlobalSection
	GlobalSection(SolutionProperties) = preSolution
		HideSolutionNode = FALSE
	EndGlobalSection
	GlobalSection(ExtensibilityGlobals) = postSolution
		SolutionGuid = {AF54BEC8-63FA-4169-9E53-03009523F497}
	EndGlobalSection
EndGlobal
